
Microsoft Visual Studio Solution File, Format Version 12.00
# Visual Studio Version 17
VisualStudioVersion = 17.7.34202.233
MinimumVisualStudioVersion = 10.0.40219.1
Project("{FAE04EC0-301F-11D3-BF4B-00C04F79EFBC}") = "Quick_Document_Creation", "Quick_Document_Creation\Quick_Document_Creation.csproj", "{DC93000D-BC3C-4261-87E0-AE825E6AC7DE}"
EndProject
Global
	GlobalSection(SolutionConfigurationPlatforms) = preSolution
		Debug|Any CPU = Debug|Any CPU
		Release|Any CPU = Release|Any CPU
	EndGlobalSection
	GlobalSection(ProjectConfigurationPlatforms) = postSolution
		{DC93000D-BC3C-4261-87E0-AE825E6AC7DE}.Debug|Any CPU.ActiveCfg = Debug|Any CPU
		{DC93000D-BC3C-4261-87E0-AE825E6AC7DE}.Debug|Any CPU.Build.0 = Debug|Any CPU
		{DC93000D-BC3C-4261-87E0-AE825E6AC7DE}.Release|Any CPU.ActiveCfg = Release|Any CPU
		{DC93000D-BC3C-4261-87E0-AE825E6AC7DE}.Release|Any CPU.Build.0 = Release|Any CPU
	EndGlobalSection
	GlobalSection(SolutionProperties) = preSolution
		HideSolutionNode = FALSE
	EndGlobalSection
	GlobalSection(ExtensibilityGlobals) = postSolution
		SolutionGuid = {41307BEB-AF0B-465C-9D01-724801317454}
	EndGlobalSection
EndGlobal
